
Microsoft Visual Studio Solution File, Format Version 12.00
# Visual Studio 14
VisualStudioVersion = 14.0.25420.1
MinimumVisualStudioVersion = 10.0.40219.1
Project("{FAE04EC0-301F-11D3-BF4B-00C04F79EFBC}") = "shapeCalculator", "calculator1\shapeCalculator.csproj", "{F704926E-5990-4A55-B8CC-45F7C666AB37}"
EndProject
Project("{FAE04EC0-301F-11D3-BF4B-00C04F79EFBC}") = "Calculator", "Area Calculator\Calculator.csproj", "{C2441AAB-3454-4A8F-8FA8-0F6DBAB9284C}"
EndProject
Global
	GlobalSection(SolutionConfigurationPlatforms) = preSolution
		Debug|Any CPU = Debug|Any CPU
		Release|Any CPU = Release|Any CPU
	EndGlobalSection
	GlobalSection(ProjectConfigurationPlatforms) = postSolution
		{F704926E-5990-4A55-B8CC-45F7C666AB37}.Debug|Any CPU.ActiveCfg = Debug|Any CPU
		{F704926E-5990-4A55-B8CC-45F7C666AB37}.Debug|Any CPU.Build.0 = Debug|Any CPU
		{F704926E-5990-4A55-B8CC-45F7C666AB37}.Release|Any CPU.ActiveCfg = Release|Any CPU
		{F704926E-5990-4A55-B8CC-45F7C666AB37}.Release|Any CPU.Build.0 = Release|Any CPU
		{C2441AAB-3454-4A8F-8FA8-0F6DBAB9284C}.Debug|Any CPU.ActiveCfg = Debug|Any CPU
		{C2441AAB-3454-4A8F-8FA8-0F6DBAB9284C}.Debug|Any CPU.Build.0 = Debug|Any CPU
		{C2441AAB-3454-4A8F-8FA8-0F6DBAB9284C}.Release|Any CPU.ActiveCfg = Release|Any CPU
		{C2441AAB-3454-4A8F-8FA8-0F6DBAB9284C}.Release|Any CPU.Build.0 = Release|Any CPU
	EndGlobalSection
	GlobalSection(SolutionProperties) = preSolution
		HideSolutionNode = FALSE
	EndGlobalSection
EndGlobal
